
Microsoft Visual Studio Solution File, Format Version 12.00
# Visual Studio 15
Project("{FAE04EC0-301F-11D3-BF4B-00C04F79EFBC}") = "Assembly-CSharp", "Assembly-CSharp.csproj", "{DD18B489-5A7F-F2CD-B582-133001FBEC4E}"
EndProject
Global
	GlobalSection(SolutionConfigurationPlatforms) = preSolution
		Debug|Any CPU = Debug|Any CPU
		Release|Any CPU = Release|Any CPU
	EndGlobalSection
	GlobalSection(ProjectConfigurationPlatforms) = postSolution
		{DD18B489-5A7F-F2CD-B582-133001FBEC4E}.Debug|Any CPU.ActiveCfg = Debug|Any CPU
		{DD18B489-5A7F-F2CD-B582-133001FBEC4E}.Debug|Any CPU.Build.0 = Debug|Any CPU
		{DD18B489-5A7F-F2CD-B582-133001FBEC4E}.Release|Any CPU.ActiveCfg = Release|Any CPU
		{DD18B489-5A7F-F2CD-B582-133001FBEC4E}.Release|Any CPU.Build.0 = Release|Any CPU
	EndGlobalSection
	GlobalSection(SolutionProperties) = preSolution
		HideSolutionNode = FALSE
	EndGlobalSection
EndGlobal
